{
    "phpdocumentor/reflection-common": {
        "version": "2.2.0"
    },
    "phpdocumentor/reflection-docblock": {
        "version": "5.2.2"
    },
    "phpdocumentor/type-resolver": {
        "version": "1.4.0"
    },
    "symfony/orm-pack": {
        "version": "v2.1.0"
    },
    "symfony/property-access": {
        "version": "v5.2.2"
    },
    "symfony/property-info": {
        "version": "v5.2.2"
    },
    "symfony/serializer": {
        "version": "v5.2.2"
    },
    "symfony/serializer-pack": {
        "version": "v1.0.4"
    },
    "webmozart/assert": {
        "version": "1.9.1"
    }
}
